// !$*UTF8*$!
{
	archiveVersion = 1;
	classes = {
	};
	objectVersion = 56;
	objects = {

/* Begin PBXBuildFile section */
		04037F8929EE3AF600D34564 /* CategoryHome.swift in Sources */ = {isa = PBXBuildFile; fileRef = 04037F8829EE3AF600D34564 /* CategoryHome.swift */; };
		04037F8B29EE3C0100D34564 /* CategoryRow.swift in Sources */ = {isa = PBXBuildFile; fileRef = 04037F8A29EE3C0100D34564 /* CategoryRow.swift */; };
		04037F8D29EE3C9900D34564 /* CategoryItem.swift in Sources */ = {isa = PBXBuildFile; fileRef = 04037F8C29EE3C9900D34564 /* CategoryItem.swift */; };
		04037F8F29EEDC8700D34564 /* Profile.swift in Sources */ = {isa = PBXBuildFile; fileRef = 04037F8E29EEDC8700D34564 /* Profile.swift */; };
		04037F9129EEDCAA00D34564 /* ProfileHost.swift in Sources */ = {isa = PBXBuildFile; fileRef = 04037F9029EEDCAA00D34564 /* ProfileHost.swift */; };
		04037F9329EEDD8A00D34564 /* ProfileSummary.swift in Sources */ = {isa = PBXBuildFile; fileRef = 04037F9229EEDD8A00D34564 /* ProfileSummary.swift */; };
		04037F9729EEDE6400D34564 /* HikeBadge.swift in Sources */ = {isa = PBXBuildFile; fileRef = 04037F9629EEDE6400D34564 /* HikeBadge.swift */; };
		04037F9929EEE33300D34564 /* ProfileEditor.swift in Sources */ = {isa = PBXBuildFile; fileRef = 04037F9829EEE33300D34564 /* ProfileEditor.swift */; };
		04768BD729EC5B6700F5811F /* BadgeSymbol.swift in Sources */ = {isa = PBXBuildFile; fileRef = 04768BD629EC5B6700F5811F /* BadgeSymbol.swift */; };
		04768BD929EC5BEF00F5811F /* RotatedBadgeSymbol.swift in Sources */ = {isa = PBXBuildFile; fileRef = 04768BD829EC5BEF00F5811F /* RotatedBadgeSymbol.swift */; };
		04768BDB29EC5C0500F5811F /* Badge.swift in Sources */ = {isa = PBXBuildFile; fileRef = 04768BDA29EC5C0500F5811F /* Badge.swift */; };
		0488F98829E4ED1400A14024 /* _706012110020_Davina_T_W_AFL3App.swift in Sources */ = {isa = PBXBuildFile; fileRef = 0488F98729E4ED1400A14024 /* _706012110020_Davina_T_W_AFL3App.swift */; };
		0488F98A29E4ED1400A14024 /* ContentView.swift in Sources */ = {isa = PBXBuildFile; fileRef = 0488F98929E4ED1400A14024 /* ContentView.swift */; };
		0488F98C29E4ED1500A14024 /* Assets.xcassets in Resources */ = {isa = PBXBuildFile; fileRef = 0488F98B29E4ED1500A14024 /* Assets.xcassets */; };
		0488F98F29E4ED1500A14024 /* Preview Assets.xcassets in Resources */ = {isa = PBXBuildFile; fileRef = 0488F98E29E4ED1500A14024 /* Preview Assets.xcassets */; };
		0488F99929E4ED1500A14024 /* _706012110020_Davina_T_W_AFL3Tests.swift in Sources */ = {isa = PBXBuildFile; fileRef = 0488F99829E4ED1500A14024 /* _706012110020_Davina_T_W_AFL3Tests.swift */; };
		0488F9A329E4ED1500A14024 /* _706012110020_Davina_T_W_AFL3UITests.swift in Sources */ = {isa = PBXBuildFile; fileRef = 0488F9A229E4ED1500A14024 /* _706012110020_Davina_T_W_AFL3UITests.swift */; };
		0488F9A529E4ED1500A14024 /* _706012110020_Davina_T_W_AFL3UITestsLaunchTests.swift in Sources */ = {isa = PBXBuildFile; fileRef = 0488F9A429E4ED1500A14024 /* _706012110020_Davina_T_W_AFL3UITestsLaunchTests.swift */; };
		0488F9B229E4FC9E00A14024 /* CircleImage.swift in Sources */ = {isa = PBXBuildFile; fileRef = 0488F9B129E4FC9E00A14024 /* CircleImage.swift */; };
		0488F9B429E4FE3100A14024 /* MapView.swift in Sources */ = {isa = PBXBuildFile; fileRef = 0488F9B329E4FE3100A14024 /* MapView.swift */; };
		048B8C7A29E8FB9400B35BB5 /* FavoriteButton.swift in Sources */ = {isa = PBXBuildFile; fileRef = 048B8C7929E8FB9400B35BB5 /* FavoriteButton.swift */; };
		048B8C7C29E8FFDE00B35BB5 /* HexagonParameters.swift in Sources */ = {isa = PBXBuildFile; fileRef = 048B8C7B29E8FFDE00B35BB5 /* HexagonParameters.swift */; };
		048B8C7E29E9017100B35BB5 /* BadgeBackground.swift in Sources */ = {isa = PBXBuildFile; fileRef = 048B8C7D29E9017100B35BB5 /* BadgeBackground.swift */; };
		04B12E3A29F3F4FA00AECB08 /* ContentView.swift in Sources */ = {isa = PBXBuildFile; fileRef = 04B12E3929F3F4FA00AECB08 /* ContentView.swift */; };
		04B12E3C29F3F4FC00AECB08 /* Assets.xcassets in Resources */ = {isa = PBXBuildFile; fileRef = 04B12E3B29F3F4FC00AECB08 /* Assets.xcassets */; };
		04B12E3F29F3F4FC00AECB08 /* Preview Assets.xcassets in Resources */ = {isa = PBXBuildFile; fileRef = 04B12E3E29F3F4FC00AECB08 /* Preview Assets.xcassets */; };
		04B12E4929F3F4FC00AECB08 /* WatchLandmark_Watch_AppTests.swift in Sources */ = {isa = PBXBuildFile; fileRef = 04B12E4829F3F4FC00AECB08 /* WatchLandmark_Watch_AppTests.swift */; };
		04B12E5329F3F4FC00AECB08 /* WatchLandmark_Watch_AppUITests.swift in Sources */ = {isa = PBXBuildFile; fileRef = 04B12E5229F3F4FC00AECB08 /* WatchLandmark_Watch_AppUITests.swift */; };
		04B12E5529F3F4FC00AECB08 /* WatchLandmark_Watch_AppUITestsLaunchTests.swift in Sources */ = {isa = PBXBuildFile; fileRef = 04B12E5429F3F4FC00AECB08 /* WatchLandmark_Watch_AppUITestsLaunchTests.swift */; };
		04B12E6E29F40E4500AECB08 /* LandmarkDetail.swift in Sources */ = {isa = PBXBuildFile; fileRef = 04B12E6D29F40E4500AECB08 /* LandmarkDetail.swift */; };
		04B12E7229F4200900AECB08 /* Profile.swift in Sources */ = {isa = PBXBuildFile; fileRef = 04037F8E29EEDC8700D34564 /* Profile.swift */; };
		04B12E7329F4200900AECB08 /* landmarkData.json in Resources */ = {isa = PBXBuildFile; fileRef = 04EF43C229E8DBB200D6974B /* landmarkData.json */; };
		04B12E7429F4200900AECB08 /* LandmarkRow.swift in Sources */ = {isa = PBXBuildFile; fileRef = 04EF43CC29E8E2F700D6974B /* LandmarkRow.swift */; };
		04B12E7529F4200900AECB08 /* Assets.xcassets in Resources */ = {isa = PBXBuildFile; fileRef = 0488F98B29E4ED1500A14024 /* Assets.xcassets */; };
		04B12E7629F4200900AECB08 /* hikeData.json in Resources */ = {isa = PBXBuildFile; fileRef = 04F6358F29EE21E1002141D2 /* hikeData.json */; };
		04B12E7729F4200900AECB08 /* ModelData.swift in Sources */ = {isa = PBXBuildFile; fileRef = 04EF43C629E8E19100D6974B /* ModelData.swift */; };
		04B12E7829F4200900AECB08 /* Hike.swift in Sources */ = {isa = PBXBuildFile; fileRef = 04F6359129EE221C002141D2 /* Hike.swift */; };
		04B12E7929F4200900AECB08 /* Landmark.swift in Sources */ = {isa = PBXBuildFile; fileRef = 04EF43C429E8DBF000D6974B /* Landmark.swift */; };
		04B12E7A29F4200900AECB08 /* _706012110020_Davina_T_W_AFL3App.swift in Sources */ = {isa = PBXBuildFile; fileRef = 0488F98729E4ED1400A14024 /* _706012110020_Davina_T_W_AFL3App.swift */; };
		04B12E7B29F4200900AECB08 /* CircleImage.swift in Sources */ = {isa = PBXBuildFile; fileRef = 0488F9B129E4FC9E00A14024 /* CircleImage.swift */; };
		04B12E7C29F4200900AECB08 /* MapView.swift in Sources */ = {isa = PBXBuildFile; fileRef = 0488F9B329E4FE3100A14024 /* MapView.swift */; };
		04B12E7F29F421B700AECB08 /* NotificationView.swift in Sources */ = {isa = PBXBuildFile; fileRef = 04B12E7E29F421B700AECB08 /* NotificationView.swift */; };
		04B12E8129F4220F00AECB08 /* NotificationController.swift in Sources */ = {isa = PBXBuildFile; fileRef = 04B12E8029F4220F00AECB08 /* NotificationController.swift */; };
		04D89EC929F2E3C9001ECCA9 /* PageViewController.swift in Sources */ = {isa = PBXBuildFile; fileRef = 04D89EC829F2E3C9001ECCA9 /* PageViewController.swift */; };
		04D89ECD29F2E6DD001ECCA9 /* FeatureCard.swift in Sources */ = {isa = PBXBuildFile; fileRef = 04D89ECC29F2E6DD001ECCA9 /* FeatureCard.swift */; };
		04D89ECF29F2E761001ECCA9 /* PageView.swift in Sources */ = {isa = PBXBuildFile; fileRef = 04D89ECE29F2E761001ECCA9 /* PageView.swift */; };
		04D89ED129F2E9B0001ECCA9 /* PageControl.swift in Sources */ = {isa = PBXBuildFile; fileRef = 04D89ED029F2E9B0001ECCA9 /* PageControl.swift */; };
		04EF43C329E8DBB200D6974B /* landmarkData.json in Resources */ = {isa = PBXBuildFile; fileRef = 04EF43C229E8DBB200D6974B /* landmarkData.json */; };
		04EF43C529E8DBF000D6974B /* Landmark.swift in Sources */ = {isa = PBXBuildFile; fileRef = 04EF43C429E8DBF000D6974B /* Landmark.swift */; };
		04EF43C729E8E19100D6974B /* ModelData.swift in Sources */ = {isa = PBXBuildFile; fileRef = 04EF43C629E8E19100D6974B /* ModelData.swift */; };
		04EF43CD29E8E2F700D6974B /* LandmarkRow.swift in Sources */ = {isa = PBXBuildFile; fileRef = 04EF43CC29E8E2F700D6974B /* LandmarkRow.swift */; };
		04EF43D129E8E68B00D6974B /* LandmarkList.swift in Sources */ = {isa = PBXBuildFile; fileRef = 04EF43D029E8E68B00D6974B /* LandmarkList.swift */; };
		04EF43D329E8E80E00D6974B /* LandmarkDetail.swift in Sources */ = {isa = PBXBuildFile; fileRef = 04EF43D229E8E80E00D6974B /* LandmarkDetail.swift */; };
		04F6359029EE21E1002141D2 /* hikeData.json in Resources */ = {isa = PBXBuildFile; fileRef = 04F6358F29EE21E1002141D2 /* hikeData.json */; };
		04F6359229EE221C002141D2 /* Hike.swift in Sources */ = {isa = PBXBuildFile; fileRef = 04F6359129EE221C002141D2 /* Hike.swift */; };
		04F635A129EE22EB002141D2 /* GraphCapsule.swift in Sources */ = {isa = PBXBuildFile; fileRef = 04F6359D29EE22EB002141D2 /* GraphCapsule.swift */; };
		04F635A229EE22EB002141D2 /* HikeGraph.swift in Sources */ = {isa = PBXBuildFile; fileRef = 04F6359E29EE22EB002141D2 /* HikeGraph.swift */; };
		04F635A329EE22EB002141D2 /* HikeDetail.swift in Sources */ = {isa = PBXBuildFile; fileRef = 04F6359F29EE22EB002141D2 /* HikeDetail.swift */; };
		04F635A829EE2799002141D2 /* HikeView.swift in Sources */ = {isa = PBXBuildFile; fileRef = 04F635A729EE2799002141D2 /* HikeView.swift */; };
		04FB426A29F4DACF0049259E /* ContentView.swift in Sources */ = {isa = PBXBuildFile; fileRef = 04FB426929F4DACF0049259E /* ContentView.swift */; };
		04FB426C29F4DAD10049259E /* Assets.xcassets in Resources */ = {isa = PBXBuildFile; fileRef = 04FB426B29F4DAD10049259E /* Assets.xcassets */; };
		04FB426F29F4DAD10049259E /* Preview Assets.xcassets in Resources */ = {isa = PBXBuildFile; fileRef = 04FB426E29F4DAD10049259E /* Preview Assets.xcassets */; };
		04FB428129F4DB870049259E /* MapView.swift in Sources */ = {isa = PBXBuildFile; fileRef = 0488F9B329E4FE3100A14024 /* MapView.swift */; };
		04FB428229F4DB870049259E /* hikeData.json in Resources */ = {isa = PBXBuildFile; fileRef = 04F6358F29EE21E1002141D2 /* hikeData.json */; };
		04FB428329F4DB870049259E /* Assets.xcassets in Resources */ = {isa = PBXBuildFile; fileRef = 0488F98B29E4ED1500A14024 /* Assets.xcassets */; };
		04FB428429F4DB870049259E /* landmarkData.json in Resources */ = {isa = PBXBuildFile; fileRef = 04EF43C229E8DBB200D6974B /* landmarkData.json */; };
		04FB428529F4DB870049259E /* Landmark.swift in Sources */ = {isa = PBXBuildFile; fileRef = 04EF43C429E8DBF000D6974B /* Landmark.swift */; };
		04FB428629F4DB870049259E /* Hike.swift in Sources */ = {isa = PBXBuildFile; fileRef = 04F6359129EE221C002141D2 /* Hike.swift */; };
		04FB428729F4DB870049259E /* CircleImage.swift in Sources */ = {isa = PBXBuildFile; fileRef = 0488F9B129E4FC9E00A14024 /* CircleImage.swift */; };
		04FB428829F4DB870049259E /* Profile.swift in Sources */ = {isa = PBXBuildFile; fileRef = 04037F8E29EEDC8700D34564 /* Profile.swift */; };
		04FB428929F4DB870049259E /* LandmarkRow.swift in Sources */ = {isa = PBXBuildFile; fileRef = 04EF43CC29E8E2F700D6974B /* LandmarkRow.swift */; };
		04FB428A29F4DB870049259E /* ModelData.swift in Sources */ = {isa = PBXBuildFile; fileRef = 04EF43C629E8E19100D6974B /* ModelData.swift */; };
		04FB428B29F4DB870049259E /* _706012110020_Davina_T_W_AFL3App.swift in Sources */ = {isa = PBXBuildFile; fileRef = 0488F98729E4ED1400A14024 /* _706012110020_Davina_T_W_AFL3App.swift */; };
		04FB428C29F4DB870049259E /* LandmarkList.swift in Sources */ = {isa = PBXBuildFile; fileRef = 04EF43D029E8E68B00D6974B /* LandmarkList.swift */; };
		04FB428D29F4DB870049259E /* FavoriteButton.swift in Sources */ = {isa = PBXBuildFile; fileRef = 048B8C7929E8FB9400B35BB5 /* FavoriteButton.swift */; };
		04FB428F29F4DC570049259E /* LandmarkDetail.swift in Sources */ = {isa = PBXBuildFile; fileRef = 04FB428E29F4DC570049259E /* LandmarkDetail.swift */; };
		04FB429129F4DF770049259E /* LandmarkList.swift in Sources */ = {isa = PBXBuildFile; fileRef = 04FB429029F4DF770049259E /* LandmarkList.swift */; };
		04FB429329F4E5B30049259E /* LandmarkCommands.swift in Sources */ = {isa = PBXBuildFile; fileRef = 04FB429229F4E5B30049259E /* LandmarkCommands.swift */; };
		04FB429429F4E5B30049259E /* LandmarkCommands.swift in Sources */ = {isa = PBXBuildFile; fileRef = 04FB429229F4E5B30049259E /* LandmarkCommands.swift */; };
		04FB429629F5236F0049259E /* LandmarkSettings.swift in Sources */ = {isa = PBXBuildFile; fileRef = 04FB429529F5236F0049259E /* LandmarkSettings.swift */; };
		04FB429729F5236F0049259E /* LandmarkSettings.swift in Sources */ = {isa = PBXBuildFile; fileRef = 04FB429529F5236F0049259E /* LandmarkSettings.swift */; };
/* End PBXBuildFile section */

/* Begin PBXContainerItemProxy section */
		0488F99529E4ED1500A14024 /* PBXContainerItemProxy */ = {
			isa = PBXContainerItemProxy;
			containerPortal = 0488F97C29E4ED1300A14024 /* Project object */;
			proxyType = 1;
			remoteGlobalIDString = 0488F98329E4ED1300A14024;
			remoteInfo = "0706012110020-Davina T W-AFL3";
		};
		0488F99F29E4ED1500A14024 /* PBXContainerItemProxy */ = {
			isa = PBXContainerItemProxy;
			containerPortal = 0488F97C29E4ED1300A14024 /* Project object */;
			proxyType = 1;
			remoteGlobalIDString = 0488F98329E4ED1300A14024;
			remoteInfo = "0706012110020-Davina T W-AFL3";
		};
		04B12E4529F3F4FC00AECB08 /* PBXContainerItemProxy */ = {
			isa = PBXContainerItemProxy;
			containerPortal = 0488F97C29E4ED1300A14024 /* Project object */;
			proxyType = 1;
			remoteGlobalIDString = 04B12E3429F3F4FA00AECB08;
			remoteInfo = "WatchLandmark Watch App";
		};
		04B12E4F29F3F4FC00AECB08 /* PBXContainerItemProxy */ = {
			isa = PBXContainerItemProxy;
			containerPortal = 0488F97C29E4ED1300A14024 /* Project object */;
			proxyType = 1;
			remoteGlobalIDString = 04B12E3429F3F4FA00AECB08;
			remoteInfo = "WatchLandmark Watch App";
		};
/* End PBXContainerItemProxy section */

/* Begin PBXFileReference section */
		04037F8829EE3AF600D34564 /* CategoryHome.swift */ = {isa = PBXFileReference; lastKnownFileType = sourcecode.swift; path = CategoryHome.swift; sourceTree = "<group>"; };
		04037F8A29EE3C0100D34564 /* CategoryRow.swift */ = {isa = PBXFileReference; lastKnownFileType = sourcecode.swift; path = CategoryRow.swift; sourceTree = "<group>"; };
		04037F8C29EE3C9900D34564 /* CategoryItem.swift */ = {isa = PBXFileReference; lastKnownFileType = sourcecode.swift; path = CategoryItem.swift; sourceTree = "<group>"; };
		04037F8E29EEDC8700D34564 /* Profile.swift */ = {isa = PBXFileReference; lastKnownFileType = sourcecode.swift; path = Profile.swift; sourceTree = "<group>"; };
		04037F9029EEDCAA00D34564 /* ProfileHost.swift */ = {isa = PBXFileReference; lastKnownFileType = sourcecode.swift; path = ProfileHost.swift; sourceTree = "<group>"; };
		04037F9229EEDD8A00D34564 /* ProfileSummary.swift */ = {isa = PBXFileReference; lastKnownFileType = sourcecode.swift; path = ProfileSummary.swift; sourceTree = "<group>"; };
		04037F9629EEDE6400D34564 /* HikeBadge.swift */ = {isa = PBXFileReference; lastKnownFileType = sourcecode.swift; path = HikeBadge.swift; sourceTree = "<group>"; };
		04037F9829EEE33300D34564 /* ProfileEditor.swift */ = {isa = PBXFileReference; lastKnownFileType = sourcecode.swift; path = ProfileEditor.swift; sourceTree = "<group>"; };
		04768BD629EC5B6700F5811F /* BadgeSymbol.swift */ = {isa = PBXFileReference; lastKnownFileType = sourcecode.swift; path = BadgeSymbol.swift; sourceTree = "<group>"; };
		04768BD829EC5BEF00F5811F /* RotatedBadgeSymbol.swift */ = {isa = PBXFileReference; lastKnownFileType = sourcecode.swift; path = RotatedBadgeSymbol.swift; sourceTree = "<group>"; };
		04768BDA29EC5C0500F5811F /* Badge.swift */ = {isa = PBXFileReference; lastKnownFileType = sourcecode.swift; path = Badge.swift; sourceTree = "<group>"; };
		0488F98429E4ED1300A14024 /* 0706012110020-Davina T W-AFL3.app */ = {isa = PBXFileReference; explicitFileType = wrapper.application; includeInIndex = 0; path = "0706012110020-Davina T W-AFL3.app"; sourceTree = BUILT_PRODUCTS_DIR; };
		0488F98729E4ED1400A14024 /* _706012110020_Davina_T_W_AFL3App.swift */ = {isa = PBXFileReference; lastKnownFileType = sourcecode.swift; path = _706012110020_Davina_T_W_AFL3App.swift; sourceTree = "<group>"; };
		0488F98929E4ED1400A14024 /* ContentView.swift */ = {isa = PBXFileReference; lastKnownFileType = sourcecode.swift; path = ContentView.swift; sourceTree = "<group>"; };
		0488F98B29E4ED1500A14024 /* Assets.xcassets */ = {isa = PBXFileReference; lastKnownFileType = folder.assetcatalog; path = Assets.xcassets; sourceTree = "<group>"; };
		0488F98E29E4ED1500A14024 /* Preview Assets.xcassets */ = {isa = PBXFileReference; lastKnownFileType = folder.assetcatalog; path = "Preview Assets.xcassets"; sourceTree = "<group>"; };
		0488F99429E4ED1500A14024 /* 0706012110020-Davina T W-AFL3Tests.xctest */ = {isa = PBXFileReference; explicitFileType = wrapper.cfbundle; includeInIndex = 0; path = "0706012110020-Davina T W-AFL3Tests.xctest"; sourceTree = BUILT_PRODUCTS_DIR; };
		0488F99829E4ED1500A14024 /* _706012110020_Davina_T_W_AFL3Tests.swift */ = {isa = PBXFileReference; lastKnownFileType = sourcecode.swift; path = _706012110020_Davina_T_W_AFL3Tests.swift; sourceTree = "<group>"; };
		0488F99E29E4ED1500A14024 /* 0706012110020-Davina T W-AFL3UITests.xctest */ = {isa = PBXFileReference; explicitFileType = wrapper.cfbundle; includeInIndex = 0; path = "0706012110020-Davina T W-AFL3UITests.xctest"; sourceTree = BUILT_PRODUCTS_DIR; };
		0488F9A229E4ED1500A14024 /* _706012110020_Davina_T_W_AFL3UITests.swift */ = {isa = PBXFileReference; lastKnownFileType = sourcecode.swift; path = _706012110020_Davina_T_W_AFL3UITests.swift; sourceTree = "<group>"; };
		0488F9A429E4ED1500A14024 /* _706012110020_Davina_T_W_AFL3UITestsLaunchTests.swift */ = {isa = PBXFileReference; lastKnownFileType = sourcecode.swift; path = _706012110020_Davina_T_W_AFL3UITestsLaunchTests.swift; sourceTree = "<group>"; };
		0488F9B129E4FC9E00A14024 /* CircleImage.swift */ = {isa = PBXFileReference; lastKnownFileType = sourcecode.swift; path = CircleImage.swift; sourceTree = "<group>"; };
		0488F9B329E4FE3100A14024 /* MapView.swift */ = {isa = PBXFileReference; lastKnownFileType = sourcecode.swift; path = MapView.swift; sourceTree = "<group>"; };
		048B8C7929E8FB9400B35BB5 /* FavoriteButton.swift */ = {isa = PBXFileReference; lastKnownFileType = sourcecode.swift; path = FavoriteButton.swift; sourceTree = "<group>"; };
		048B8C7B29E8FFDE00B35BB5 /* HexagonParameters.swift */ = {isa = PBXFileReference; lastKnownFileType = sourcecode.swift; path = HexagonParameters.swift; sourceTree = "<group>"; };
		048B8C7D29E9017100B35BB5 /* BadgeBackground.swift */ = {isa = PBXFileReference; lastKnownFileType = sourcecode.swift; path = BadgeBackground.swift; sourceTree = "<group>"; };
		04B12E3529F3F4FA00AECB08 /* WatchLandmark Watch App.app */ = {isa = PBXFileReference; explicitFileType = wrapper.application; includeInIndex = 0; path = "WatchLandmark Watch App.app"; sourceTree = BUILT_PRODUCTS_DIR; };
		04B12E3929F3F4FA00AECB08 /* ContentView.swift */ = {isa = PBXFileReference; lastKnownFileType = sourcecode.swift; path = ContentView.swift; sourceTree = "<group>"; };
		04B12E3B29F3F4FC00AECB08 /* Assets.xcassets */ = {isa = PBXFileReference; lastKnownFileType = folder.assetcatalog; path = Assets.xcassets; sourceTree = "<group>"; };
		04B12E3E29F3F4FC00AECB08 /* Preview Assets.xcassets */ = {isa = PBXFileReference; lastKnownFileType = folder.assetcatalog; path = "Preview Assets.xcassets"; sourceTree = "<group>"; };
		04B12E4429F3F4FC00AECB08 /* WatchLandmark Watch AppTests.xctest */ = {isa = PBXFileReference; explicitFileType = wrapper.cfbundle; includeInIndex = 0; path = "WatchLandmark Watch AppTests.xctest"; sourceTree = BUILT_PRODUCTS_DIR; };
		04B12E4829F3F4FC00AECB08 /* WatchLandmark_Watch_AppTests.swift */ = {isa = PBXFileReference; lastKnownFileType = sourcecode.swift; path = WatchLandmark_Watch_AppTests.swift; sourceTree = "<group>"; };
		04B12E4E29F3F4FC00AECB08 /* WatchLandmark Watch AppUITests.xctest */ = {isa = PBXFileReference; explicitFileType = wrapper.cfbundle; includeInIndex = 0; path = "WatchLandmark Watch AppUITests.xctest"; sourceTree = BUILT_PRODUCTS_DIR; };
		04B12E5229F3F4FC00AECB08 /* WatchLandmark_Watch_AppUITests.swift */ = {isa = PBXFileReference; lastKnownFileType = sourcecode.swift; path = WatchLandmark_Watch_AppUITests.swift; sourceTree = "<group>"; };
		04B12E5429F3F4FC00AECB08 /* WatchLandmark_Watch_AppUITestsLaunchTests.swift */ = {isa = PBXFileReference; lastKnownFileType = sourcecode.swift; path = WatchLandmark_Watch_AppUITestsLaunchTests.swift; sourceTree = "<group>"; };
		04B12E6D29F40E4500AECB08 /* LandmarkDetail.swift */ = {isa = PBXFileReference; lastKnownFileType = sourcecode.swift; path = LandmarkDetail.swift; sourceTree = "<group>"; };
		04B12E7E29F421B700AECB08 /* NotificationView.swift */ = {isa = PBXFileReference; lastKnownFileType = sourcecode.swift; path = NotificationView.swift; sourceTree = "<group>"; };
		04B12E8029F4220F00AECB08 /* NotificationController.swift */ = {isa = PBXFileReference; lastKnownFileType = sourcecode.swift; path = NotificationController.swift; sourceTree = "<group>"; };
		04D89EC829F2E3C9001ECCA9 /* PageViewController.swift */ = {isa = PBXFileReference; lastKnownFileType = sourcecode.swift; path = PageViewController.swift; sourceTree = "<group>"; };
		04D89ECC29F2E6DD001ECCA9 /* FeatureCard.swift */ = {isa = PBXFileReference; lastKnownFileType = sourcecode.swift; path = FeatureCard.swift; sourceTree = "<group>"; };
		04D89ECE29F2E761001ECCA9 /* PageView.swift */ = {isa = PBXFileReference; lastKnownFileType = sourcecode.swift; path = PageView.swift; sourceTree = "<group>"; };
		04D89ED029F2E9B0001ECCA9 /* PageControl.swift */ = {isa = PBXFileReference; lastKnownFileType = sourcecode.swift; path = PageControl.swift; sourceTree = "<group>"; };
		04EF43C229E8DBB200D6974B /* landmarkData.json */ = {isa = PBXFileReference; fileEncoding = 4; lastKnownFileType = text.json; path = landmarkData.json; sourceTree = "<group>"; };
		04EF43C429E8DBF000D6974B /* Landmark.swift */ = {isa = PBXFileReference; lastKnownFileType = sourcecode.swift; path = Landmark.swift; sourceTree = "<group>"; };
		04EF43C629E8E19100D6974B /* ModelData.swift */ = {isa = PBXFileReference; lastKnownFileType = sourcecode.swift; path = ModelData.swift; sourceTree = "<group>"; };
		04EF43CC29E8E2F700D6974B /* LandmarkRow.swift */ = {isa = PBXFileReference; lastKnownFileType = sourcecode.swift; path = LandmarkRow.swift; sourceTree = "<group>"; };
		04EF43D029E8E68B00D6974B /* LandmarkList.swift */ = {isa = PBXFileReference; lastKnownFileType = sourcecode.swift; path = LandmarkList.swift; sourceTree = "<group>"; };
		04EF43D229E8E80E00D6974B /* LandmarkDetail.swift */ = {isa = PBXFileReference; lastKnownFileType = sourcecode.swift; path = LandmarkDetail.swift; sourceTree = "<group>"; };
		04F6358F29EE21E1002141D2 /* hikeData.json */ = {isa = PBXFileReference; fileEncoding = 4; lastKnownFileType = text.json; path = hikeData.json; sourceTree = "<group>"; };
		04F6359129EE221C002141D2 /* Hike.swift */ = {isa = PBXFileReference; lastKnownFileType = sourcecode.swift; path = Hike.swift; sourceTree = "<group>"; };
		04F6359D29EE22EB002141D2 /* GraphCapsule.swift */ = {isa = PBXFileReference; fileEncoding = 4; lastKnownFileType = sourcecode.swift; path = GraphCapsule.swift; sourceTree = "<group>"; };
		04F6359E29EE22EB002141D2 /* HikeGraph.swift */ = {isa = PBXFileReference; fileEncoding = 4; lastKnownFileType = sourcecode.swift; path = HikeGraph.swift; sourceTree = "<group>"; };
		04F6359F29EE22EB002141D2 /* HikeDetail.swift */ = {isa = PBXFileReference; fileEncoding = 4; lastKnownFileType = sourcecode.swift; path = HikeDetail.swift; sourceTree = "<group>"; };
		04F635A729EE2799002141D2 /* HikeView.swift */ = {isa = PBXFileReference; fileEncoding = 4; lastKnownFileType = sourcecode.swift; path = HikeView.swift; sourceTree = "<group>"; };
		04FB426029F4CB9D0049259E /* PushNotificationPayload.apns */ = {isa = PBXFileReference; lastKnownFileType = text; path = PushNotificationPayload.apns; sourceTree = "<group>"; };
		04FB426529F4DACF0049259E /* MacLandmarks.app */ = {isa = PBXFileReference; explicitFileType = wrapper.application; includeInIndex = 0; path = MacLandmarks.app; sourceTree = BUILT_PRODUCTS_DIR; };
		04FB426929F4DACF0049259E /* ContentView.swift */ = {isa = PBXFileReference; lastKnownFileType = sourcecode.swift; path = ContentView.swift; sourceTree = "<group>"; };
		04FB426B29F4DAD10049259E /* Assets.xcassets */ = {isa = PBXFileReference; lastKnownFileType = folder.assetcatalog; path = Assets.xcassets; sourceTree = "<group>"; };
		04FB426E29F4DAD10049259E /* Preview Assets.xcassets */ = {isa = PBXFileReference; lastKnownFileType = folder.assetcatalog; path = "Preview Assets.xcassets"; sourceTree = "<group>"; };
		04FB427029F4DAD10049259E /* MacLandmarks.entitlements */ = {isa = PBXFileReference; lastKnownFileType = text.plist.entitlements; path = MacLandmarks.entitlements; sourceTree = "<group>"; };
		04FB428E29F4DC570049259E /* LandmarkDetail.swift */ = {isa = PBXFileReference; lastKnownFileType = sourcecode.swift; path = LandmarkDetail.swift; sourceTree = "<group>"; };
		04FB429029F4DF770049259E /* LandmarkList.swift */ = {isa = PBXFileReference; lastKnownFileType = sourcecode.swift; path = LandmarkList.swift; sourceTree = "<group>"; };
		04FB429229F4E5B30049259E /* LandmarkCommands.swift */ = {isa = PBXFileReference; lastKnownFileType = sourcecode.swift; path = LandmarkCommands.swift; sourceTree = "<group>"; };
		04FB429529F5236F0049259E /* LandmarkSettings.swift */ = {isa = PBXFileReference; lastKnownFileType = sourcecode.swift; path = LandmarkSettings.swift; sourceTree = "<group>"; };
/* End PBXFileReference section */

/* Begin PBXFrameworksBuildPhase section */
		0488F98129E4ED1300A14024 /* Frameworks */ = {
			isa = PBXFrameworksBuildPhase;
			buildActionMask = 2147483647;
			files = (
			);
			runOnlyForDeploymentPostprocessing = 0;
		};
		0488F99129E4ED1500A14024 /* Frameworks */ = {
			isa = PBXFrameworksBuildPhase;
			buildActionMask = 2147483647;
			files = (
			);
			runOnlyForDeploymentPostprocessing = 0;
		};
		0488F99B29E4ED1500A14024 /* Frameworks */ = {
			isa = PBXFrameworksBuildPhase;
			buildActionMask = 2147483647;
			files = (
			);
			runOnlyForDeploymentPostprocessing = 0;
		};
		04B12E3229F3F4FA00AECB08 /* Frameworks */ = {
			isa = PBXFrameworksBuildPhase;
			buildActionMask = 2147483647;
			files = (
			);
			runOnlyForDeploymentPostprocessing = 0;
		};
		04B12E4129F3F4FC00AECB08 /* Frameworks */ = {
			isa = PBXFrameworksBuildPhase;
			buildActionMask = 2147483647;
			files = (
			);
			runOnlyForDeploymentPostprocessing = 0;
		};
		04B12E4B29F3F4FC00AECB08 /* Frameworks */ = {
			isa = PBXFrameworksBuildPhase;
			buildActionMask = 2147483647;
			files = (
			);
			runOnlyForDeploymentPostprocessing = 0;
		};
		04FB426229F4DACF0049259E /* Frameworks */ = {
			isa = PBXFrameworksBuildPhase;
			buildActionMask = 2147483647;
			files = (
			);
			runOnlyForDeploymentPostprocessing = 0;
		};
/* End PBXFrameworksBuildPhase section */

/* Begin PBXGroup section */
		04037F8729EE39EF00D34564 /* Categories */ = {
			isa = PBXGroup;
			children = (
				04037F8829EE3AF600D34564 /* CategoryHome.swift */,
				04037F8A29EE3C0100D34564 /* CategoryRow.swift */,
				04037F8C29EE3C9900D34564 /* CategoryItem.swift */,
			);
			path = Categories;
			sourceTree = "<group>";
		};
		04037F9529EEDDA400D34564 /* Profiles */ = {
			isa = PBXGroup;
			children = (
				04037F9229EEDD8A00D34564 /* ProfileSummary.swift */,
				04037F9029EEDCAA00D34564 /* ProfileHost.swift */,
				04037F9829EEE33300D34564 /* ProfileEditor.swift */,
			);
			path = Profiles;
			sourceTree = "<group>";
		};
		04768BDC29EC622B00F5811F /* Badges */ = {
			isa = PBXGroup;
			children = (
				04768BDA29EC5C0500F5811F /* Badge.swift */,
				048B8C7D29E9017100B35BB5 /* BadgeBackground.swift */,
				04768BD629EC5B6700F5811F /* BadgeSymbol.swift */,
				04768BD829EC5BEF00F5811F /* RotatedBadgeSymbol.swift */,
				048B8C7B29E8FFDE00B35BB5 /* HexagonParameters.swift */,
			);
			path = Badges;
			sourceTree = "<group>";
		};
		0488F97B29E4ED1300A14024 = {
			isa = PBXGroup;
			children = (
				0488F98629E4ED1400A14024 /* 0706012110020-Davina T W-AFL3 */,
				0488F99729E4ED1500A14024 /* 0706012110020-Davina T W-AFL3Tests */,
				0488F9A129E4ED1500A14024 /* 0706012110020-Davina T W-AFL3UITests */,
				04B12E3629F3F4FA00AECB08 /* WatchLandmark Watch App */,
				04B12E4729F3F4FC00AECB08 /* WatchLandmark Watch AppTests */,
				04B12E5129F3F4FC00AECB08 /* WatchLandmark Watch AppUITests */,
				04FB426629F4DACF0049259E /* MacLandmarks */,
				0488F98529E4ED1300A14024 /* Products */,
			);
			sourceTree = "<group>";
		};
		0488F98529E4ED1300A14024 /* Products */ = {
			isa = PBXGroup;
			children = (
				0488F98429E4ED1300A14024 /* 0706012110020-Davina T W-AFL3.app */,
				0488F99429E4ED1500A14024 /* 0706012110020-Davina T W-AFL3Tests.xctest */,
				0488F99E29E4ED1500A14024 /* 0706012110020-Davina T W-AFL3UITests.xctest */,
				04B12E3529F3F4FA00AECB08 /* WatchLandmark Watch App.app */,
				04B12E4429F3F4FC00AECB08 /* WatchLandmark Watch AppTests.xctest */,
				04B12E4E29F3F4FC00AECB08 /* WatchLandmark Watch AppUITests.xctest */,
				04FB426529F4DACF0049259E /* MacLandmarks.app */,
			);
			name = Products;
			sourceTree = "<group>";
		};
		0488F98629E4ED1400A14024 /* 0706012110020-Davina T W-AFL3 */ = {
			isa = PBXGroup;
			children = (
				04EF43C929E8E27600D6974B /* Views */,
				04768BDC29EC622B00F5811F /* Badges */,
				04EF43CB29E8E29900D6974B /* Resources */,
				04EF43CA29E8E28400D6974B /* Model */,
				0488F98729E4ED1400A14024 /* _706012110020_Davina_T_W_AFL3App.swift */,
				048B8C7829E8FB6B00B35BB5 /* Helpers */,
				0488F98B29E4ED1500A14024 /* Assets.xcassets */,
				0488F98D29E4ED1500A14024 /* Preview Content */,
			);
			path = "0706012110020-Davina T W-AFL3";
			sourceTree = "<group>";
		};
		0488F98D29E4ED1500A14024 /* Preview Content */ = {
			isa = PBXGroup;
			children = (
				0488F98E29E4ED1500A14024 /* Preview Assets.xcassets */,
			);
			path = "Preview Content";
			sourceTree = "<group>";
		};
		0488F99729E4ED1500A14024 /* 0706012110020-Davina T W-AFL3Tests */ = {
			isa = PBXGroup;
			children = (
				0488F99829E4ED1500A14024 /* _706012110020_Davina_T_W_AFL3Tests.swift */,
			);
			path = "0706012110020-Davina T W-AFL3Tests";
			sourceTree = "<group>";
		};
		0488F9A129E4ED1500A14024 /* 0706012110020-Davina T W-AFL3UITests */ = {
			isa = PBXGroup;
			children = (
				0488F9A229E4ED1500A14024 /* _706012110020_Davina_T_W_AFL3UITests.swift */,
				0488F9A429E4ED1500A14024 /* _706012110020_Davina_T_W_AFL3UITestsLaunchTests.swift */,
			);
			path = "0706012110020-Davina T W-AFL3UITests";
			sourceTree = "<group>";
		};
		048B8C7829E8FB6B00B35BB5 /* Helpers */ = {
			isa = PBXGroup;
			children = (
				0488F9B129E4FC9E00A14024 /* CircleImage.swift */,
				0488F9B329E4FE3100A14024 /* MapView.swift */,
				048B8C7929E8FB9400B35BB5 /* FavoriteButton.swift */,
			);
			path = Helpers;
			sourceTree = "<group>";
		};
		04B12E3629F3F4FA00AECB08 /* WatchLandmark Watch App */ = {
			isa = PBXGroup;
			children = (
				04B12E3929F3F4FA00AECB08 /* ContentView.swift */,
				04B12E3B29F3F4FC00AECB08 /* Assets.xcassets */,
				04B12E3D29F3F4FC00AECB08 /* Preview Content */,
				04B12E6D29F40E4500AECB08 /* LandmarkDetail.swift */,
				04B12E7E29F421B700AECB08 /* NotificationView.swift */,
				04B12E8029F4220F00AECB08 /* NotificationController.swift */,
				04FB426029F4CB9D0049259E /* PushNotificationPayload.apns */,
				04FB429029F4DF770049259E /* LandmarkList.swift */,
			);
			path = "WatchLandmark Watch App";
			sourceTree = "<group>";
		};
		04B12E3D29F3F4FC00AECB08 /* Preview Content */ = {
			isa = PBXGroup;
			children = (
				04B12E3E29F3F4FC00AECB08 /* Preview Assets.xcassets */,
			);
			path = "Preview Content";
			sourceTree = "<group>";
		};
		04B12E4729F3F4FC00AECB08 /* WatchLandmark Watch AppTests */ = {
			isa = PBXGroup;
			children = (
				04B12E4829F3F4FC00AECB08 /* WatchLandmark_Watch_AppTests.swift */,
			);
			path = "WatchLandmark Watch AppTests";
			sourceTree = "<group>";
		};
		04B12E5129F3F4FC00AECB08 /* WatchLandmark Watch AppUITests */ = {
			isa = PBXGroup;
			children = (
				04B12E5229F3F4FC00AECB08 /* WatchLandmark_Watch_AppUITests.swift */,
				04B12E5429F3F4FC00AECB08 /* WatchLandmark_Watch_AppUITestsLaunchTests.swift */,
			);
			path = "WatchLandmark Watch AppUITests";
			sourceTree = "<group>";
		};
		04B12E6F29F4109500AECB08 /* Landmarks */ = {
			isa = PBXGroup;
			children = (
				04EF43D029E8E68B00D6974B /* LandmarkList.swift */,
				04EF43CC29E8E2F700D6974B /* LandmarkRow.swift */,
				04EF43D229E8E80E00D6974B /* LandmarkDetail.swift */,
			);
			path = Landmarks;
			sourceTree = "<group>";
		};
		04D89EC729F2E3A5001ECCA9 /* PageView */ = {
			isa = PBXGroup;
			children = (
				04D89EC829F2E3C9001ECCA9 /* PageViewController.swift */,
				04D89ECC29F2E6DD001ECCA9 /* FeatureCard.swift */,
				04D89ECE29F2E761001ECCA9 /* PageView.swift */,
				04D89ED029F2E9B0001ECCA9 /* PageControl.swift */,
			);
			path = PageView;
			sourceTree = "<group>";
		};
		04EF43C929E8E27600D6974B /* Views */ = {
			isa = PBXGroup;
			children = (
				04B12E6F29F4109500AECB08 /* Landmarks */,
				04D89EC729F2E3A5001ECCA9 /* PageView */,
				04037F9529EEDDA400D34564 /* Profiles */,
				04037F8729EE39EF00D34564 /* Categories */,
				04F6359C29EE22EB002141D2 /* Hikes */,
				0488F98929E4ED1400A14024 /* ContentView.swift */,
			);
			path = Views;
			sourceTree = "<group>";
		};
		04EF43CA29E8E28400D6974B /* Model */ = {
			isa = PBXGroup;
			children = (
				04EF43C629E8E19100D6974B /* ModelData.swift */,
				04EF43C429E8DBF000D6974B /* Landmark.swift */,
				04F6359129EE221C002141D2 /* Hike.swift */,
				04037F8E29EEDC8700D34564 /* Profile.swift */,
			);
			path = Model;
			sourceTree = "<group>";
		};
		04EF43CB29E8E29900D6974B /* Resources */ = {
			isa = PBXGroup;
			children = (
				04F6358F29EE21E1002141D2 /* hikeData.json */,
				04EF43C229E8DBB200D6974B /* landmarkData.json */,
			);
			path = Resources;
			sourceTree = "<group>";
		};
		04F6359C29EE22EB002141D2 /* Hikes */ = {
			isa = PBXGroup;
			children = (
				04F6359D29EE22EB002141D2 /* GraphCapsule.swift */,
				04F6359E29EE22EB002141D2 /* HikeGraph.swift */,
				04F6359F29EE22EB002141D2 /* HikeDetail.swift */,
				04F635A729EE2799002141D2 /* HikeView.swift */,
				04037F9629EEDE6400D34564 /* HikeBadge.swift */,
			);
			path = Hikes;
			sourceTree = "<group>";
		};
		04FB426629F4DACF0049259E /* MacLandmarks */ = {
			isa = PBXGroup;
			children = (
				04FB426929F4DACF0049259E /* ContentView.swift */,
				04FB426B29F4DAD10049259E /* Assets.xcassets */,
				04FB427029F4DAD10049259E /* MacLandmarks.entitlements */,
				04FB426D29F4DAD10049259E /* Preview Content */,
				04FB428E29F4DC570049259E /* LandmarkDetail.swift */,
				04FB429229F4E5B30049259E /* LandmarkCommands.swift */,
				04FB429529F5236F0049259E /* LandmarkSettings.swift */,
			);
			path = MacLandmarks;
			sourceTree = "<group>";
		};
		04FB426D29F4DAD10049259E /* Preview Content */ = {
			isa = PBXGroup;
			children = (
				04FB426E29F4DAD10049259E /* Preview Assets.xcassets */,
			);
			path = "Preview Content";
			sourceTree = "<group>";
		};
/* End PBXGroup section */

/* Begin PBXNativeTarget section */
		0488F98329E4ED1300A14024 /* 0706012110020-Davina T W-AFL3 */ = {
			isa = PBXNativeTarget;
			buildConfigurationList = 0488F9A829E4ED1500A14024 /* Build configuration list for PBXNativeTarget "0706012110020-Davina T W-AFL3" */;
			buildPhases = (
				0488F98029E4ED1300A14024 /* Sources */,
				0488F98129E4ED1300A14024 /* Frameworks */,
				0488F98229E4ED1300A14024 /* Resources */,
			);
			buildRules = (
			);
			dependencies = (
			);
			name = "0706012110020-Davina T W-AFL3";
			productName = "0706012110020-Davina T W-AFL3";
			productReference = 0488F98429E4ED1300A14024 /* 0706012110020-Davina T W-AFL3.app */;
			productType = "com.apple.product-type.application";
		};
		0488F99329E4ED1500A14024 /* 0706012110020-Davina T W-AFL3Tests */ = {
			isa = PBXNativeTarget;
			buildConfigurationList = 0488F9AB29E4ED1500A14024 /* Build configuration list for PBXNativeTarget "0706012110020-Davina T W-AFL3Tests" */;
			buildPhases = (
				0488F99029E4ED1500A14024 /* Sources */,
				0488F99129E4ED1500A14024 /* Frameworks */,
				0488F99229E4ED1500A14024 /* Resources */,
			);
			buildRules = (
			);
			dependencies = (
				0488F99629E4ED1500A14024 /* PBXTargetDependency */,
			);
			name = "0706012110020-Davina T W-AFL3Tests";
			productName = "0706012110020-Davina T W-AFL3Tests";
			productReference = 0488F99429E4ED1500A14024 /* 0706012110020-Davina T W-AFL3Tests.xctest */;
			productType = "com.apple.product-type.bundle.unit-test";
		};
		0488F99D29E4ED1500A14024 /* 0706012110020-Davina T W-AFL3UITests */ = {
			isa = PBXNativeTarget;
			buildConfigurationList = 0488F9AE29E4ED1500A14024 /* Build configuration list for PBXNativeTarget "0706012110020-Davina T W-AFL3UITests" */;
			buildPhases = (
				0488F99A29E4ED1500A14024 /* Sources */,
				0488F99B29E4ED1500A14024 /* Frameworks */,
				0488F99C29E4ED1500A14024 /* Resources */,
			);
			buildRules = (
			);
			dependencies = (
				0488F9A029E4ED1500A14024 /* PBXTargetDependency */,
			);
			name = "0706012110020-Davina T W-AFL3UITests";
			productName = "0706012110020-Davina T W-AFL3UITests";
			productReference = 0488F99E29E4ED1500A14024 /* 0706012110020-Davina T W-AFL3UITests.xctest */;
			productType = "com.apple.product-type.bundle.ui-testing";
		};
		04B12E3429F3F4FA00AECB08 /* WatchLandmark Watch App */ = {
			isa = PBXNativeTarget;
			buildConfigurationList = 04B12E5629F3F4FC00AECB08 /* Build configuration list for PBXNativeTarget "WatchLandmark Watch App" */;
			buildPhases = (
				04B12E3129F3F4FA00AECB08 /* Sources */,
				04B12E3229F3F4FA00AECB08 /* Frameworks */,
				04B12E3329F3F4FA00AECB08 /* Resources */,
			);
			buildRules = (
			);
			dependencies = (
			);
			name = "WatchLandmark Watch App";
			productName = "WatchLandmark Watch App";
			productReference = 04B12E3529F3F4FA00AECB08 /* WatchLandmark Watch App.app */;
			productType = "com.apple.product-type.application";
		};
		04B12E4329F3F4FC00AECB08 /* WatchLandmark Watch AppTests */ = {
			isa = PBXNativeTarget;
			buildConfigurationList = 04B12E5929F3F4FC00AECB08 /* Build configuration list for PBXNativeTarget "WatchLandmark Watch AppTests" */;
			buildPhases = (
				04B12E4029F3F4FC00AECB08 /* Sources */,
				04B12E4129F3F4FC00AECB08 /* Frameworks */,
				04B12E4229F3F4FC00AECB08 /* Resources */,
			);
			buildRules = (
			);
			dependencies = (
				04B12E4629F3F4FC00AECB08 /* PBXTargetDependency */,
			);
			name = "WatchLandmark Watch AppTests";
			productName = "WatchLandmark Watch AppTests";
			productReference = 04B12E4429F3F4FC00AECB08 /* WatchLandmark Watch AppTests.xctest */;
			productType = "com.apple.product-type.bundle.unit-test";
		};
		04B12E4D29F3F4FC00AECB08 /* WatchLandmark Watch AppUITests */ = {
			isa = PBXNativeTarget;
			buildConfigurationList = 04B12E5C29F3F4FC00AECB08 /* Build configuration list for PBXNativeTarget "WatchLandmark Watch AppUITests" */;
			buildPhases = (
				04B12E4A29F3F4FC00AECB08 /* Sources */,
				04B12E4B29F3F4FC00AECB08 /* Frameworks */,
				04B12E4C29F3F4FC00AECB08 /* Resources */,
			);
			buildRules = (
			);
			dependencies = (
				04B12E5029F3F4FC00AECB08 /* PBXTargetDependency */,
			);
			name = "WatchLandmark Watch AppUITests";
			productName = "WatchLandmark Watch AppUITests";
			productReference = 04B12E4E29F3F4FC00AECB08 /* WatchLandmark Watch AppUITests.xctest */;
			productType = "com.apple.product-type.bundle.ui-testing";
		};
		04FB426429F4DACF0049259E /* MacLandmarks */ = {
			isa = PBXNativeTarget;
			buildConfigurationList = 04FB427129F4DAD10049259E /* Build configuration list for PBXNativeTarget "MacLandmarks" */;
			buildPhases = (
				04FB426129F4DACF0049259E /* Sources */,
				04FB426229F4DACF0049259E /* Frameworks */,
				04FB426329F4DACF0049259E /* Resources */,
			);
			buildRules = (
			);
			dependencies = (
			);
			name = MacLandmarks;
			productName = MacLandmarks;
			productReference = 04FB426529F4DACF0049259E /* MacLandmarks.app */;
			productType = "com.apple.product-type.application";
		};
/* End PBXNativeTarget section */

/* Begin PBXProject section */
		0488F97C29E4ED1300A14024 /* Project object */ = {
			isa = PBXProject;
			attributes = {
				BuildIndependentTargetsInParallel = 1;
				LastSwiftUpdateCheck = 1420;
				LastUpgradeCheck = 1420;
				TargetAttributes = {
					0488F98329E4ED1300A14024 = {
						CreatedOnToolsVersion = 14.2;
					};
					0488F99329E4ED1500A14024 = {
						CreatedOnToolsVersion = 14.2;
						TestTargetID = 0488F98329E4ED1300A14024;
					};
					0488F99D29E4ED1500A14024 = {
						CreatedOnToolsVersion = 14.2;
						TestTargetID = 0488F98329E4ED1300A14024;
					};
					04B12E3429F3F4FA00AECB08 = {
						CreatedOnToolsVersion = 14.2;
					};
					04B12E4329F3F4FC00AECB08 = {
						CreatedOnToolsVersion = 14.2;
						TestTargetID = 04B12E3429F3F4FA00AECB08;
					};
					04B12E4D29F3F4FC00AECB08 = {
						CreatedOnToolsVersion = 14.2;
						TestTargetID = 04B12E3429F3F4FA00AECB08;
					};
					04FB426429F4DACF0049259E = {
						CreatedOnToolsVersion = 14.2;
					};
				};
			};
			buildConfigurationList = 0488F97F29E4ED1300A14024 /* Build configuration list for PBXProject "0706012110020-Davina T W-AFL3" */;
			compatibilityVersion = "Xcode 14.0";
			developmentRegion = en;
			hasScannedForEncodings = 0;
			knownRegions = (
				en,
				Base,
			);
			mainGroup = 0488F97B29E4ED1300A14024;
			productRefGroup = 0488F98529E4ED1300A14024 /* Products */;
			projectDirPath = "";
			projectRoot = "";
			targets = (
				0488F98329E4ED1300A14024 /* 0706012110020-Davina T W-AFL3 */,
				0488F99329E4ED1500A14024 /* 0706012110020-Davina T W-AFL3Tests */,
				0488F99D29E4ED1500A14024 /* 0706012110020-Davina T W-AFL3UITests */,
				04B12E3429F3F4FA00AECB08 /* WatchLandmark Watch App */,
				04B12E4329F3F4FC00AECB08 /* WatchLandmark Watch AppTests */,
				04B12E4D29F3F4FC00AECB08 /* WatchLandmark Watch AppUITests */,
				04FB426429F4DACF0049259E /* MacLandmarks */,
			);
		};
/* End PBXProject section */

/* Begin PBXResourcesBuildPhase section */
		0488F98229E4ED1300A14024 /* Resources */ = {
			isa = PBXResourcesBuildPhase;
			buildActionMask = 2147483647;
			files = (
				04F6359029EE21E1002141D2 /* hikeData.json in Resources */,
				0488F98F29E4ED1500A14024 /* Preview Assets.xcassets in Resources */,
				0488F98C29E4ED1500A14024 /* Assets.xcassets in Resources */,
				04EF43C329E8DBB200D6974B /* landmarkData.json in Resources */,
			);
			runOnlyForDeploymentPostprocessing = 0;
		};
		0488F99229E4ED1500A14024 /* Resources */ = {
			isa = PBXResourcesBuildPhase;
			buildActionMask = 2147483647;
			files = (
			);
			runOnlyForDeploymentPostprocessing = 0;
		};
		0488F99C29E4ED1500A14024 /* Resources */ = {
			isa = PBXResourcesBuildPhase;
			buildActionMask = 2147483647;
			files = (
			);
			runOnlyForDeploymentPostprocessing = 0;
		};
		04B12E3329F3F4FA00AECB08 /* Resources */ = {
			isa = PBXResourcesBuildPhase;
			buildActionMask = 2147483647;
			files = (
				04B12E3F29F3F4FC00AECB08 /* Preview Assets.xcassets in Resources */,
				04B12E3C29F3F4FC00AECB08 /* Assets.xcassets in Resources */,
				04B12E7529F4200900AECB08 /* Assets.xcassets in Resources */,
				04B12E7329F4200900AECB08 /* landmarkData.json in Resources */,
				04B12E7629F4200900AECB08 /* hikeData.json in Resources */,
			);
			runOnlyForDeploymentPostprocessing = 0;
		};
		04B12E4229F3F4FC00AECB08 /* Resources */ = {
			isa = PBXResourcesBuildPhase;
			buildActionMask = 2147483647;
			files = (
			);
			runOnlyForDeploymentPostprocessing = 0;
		};
		04B12E4C29F3F4FC00AECB08 /* Resources */ = {
			isa = PBXResourcesBuildPhase;
			buildActionMask = 2147483647;
			files = (
			);
			runOnlyForDeploymentPostprocessing = 0;
		};
		04FB426329F4DACF0049259E /* Resources */ = {
			isa = PBXResourcesBuildPhase;
			buildActionMask = 2147483647;
			files = (
				04FB426F29F4DAD10049259E /* Preview Assets.xcassets in Resources */,
				04FB428229F4DB870049259E /* hikeData.json in Resources */,
				04FB428329F4DB870049259E /* Assets.xcassets in Resources */,
				04FB428429F4DB870049259E /* landmarkData.json in Resources */,
				04FB426C29F4DAD10049259E /* Assets.xcassets in Resources */,
			);
			runOnlyForDeploymentPostprocessing = 0;
		};
/* End PBXResourcesBuildPhase section */

/* Begin PBXSourcesBuildPhase section */
		0488F98029E4ED1300A14024 /* Sources */ = {
			isa = PBXSourcesBuildPhase;
			buildActionMask = 2147483647;
			files = (
				04037F8B29EE3C0100D34564 /* CategoryRow.swift in Sources */,
				04037F8F29EEDC8700D34564 /* Profile.swift in Sources */,
				04FB429329F4E5B30049259E /* LandmarkCommands.swift in Sources */,
				0488F98A29E4ED1400A14024 /* ContentView.swift in Sources */,
				04037F8929EE3AF600D34564 /* CategoryHome.swift in Sources */,
				04D89ECD29F2E6DD001ECCA9 /* FeatureCard.swift in Sources */,
				04F635A229EE22EB002141D2 /* HikeGraph.swift in Sources */,
				04768BDB29EC5C0500F5811F /* Badge.swift in Sources */,
				0488F9B429E4FE3100A14024 /* MapView.swift in Sources */,
				04F635A129EE22EB002141D2 /* GraphCapsule.swift in Sources */,
				0488F98829E4ED1400A14024 /* _706012110020_Davina_T_W_AFL3App.swift in Sources */,
				04D89ED129F2E9B0001ECCA9 /* PageControl.swift in Sources */,
				048B8C7A29E8FB9400B35BB5 /* FavoriteButton.swift in Sources */,
				04037F8D29EE3C9900D34564 /* CategoryItem.swift in Sources */,
				04F635A329EE22EB002141D2 /* HikeDetail.swift in Sources */,
				04037F9329EEDD8A00D34564 /* ProfileSummary.swift in Sources */,
				048B8C7C29E8FFDE00B35BB5 /* HexagonParameters.swift in Sources */,
				04037F9129EEDCAA00D34564 /* ProfileHost.swift in Sources */,
				04F6359229EE221C002141D2 /* Hike.swift in Sources */,
				04768BD929EC5BEF00F5811F /* RotatedBadgeSymbol.swift in Sources */,
				04FB429629F5236F0049259E /* LandmarkSettings.swift in Sources */,
				04D89ECF29F2E761001ECCA9 /* PageView.swift in Sources */,
				04768BD729EC5B6700F5811F /* BadgeSymbol.swift in Sources */,
				04037F9929EEE33300D34564 /* ProfileEditor.swift in Sources */,
				04EF43D129E8E68B00D6974B /* LandmarkList.swift in Sources */,
				04EF43D329E8E80E00D6974B /* LandmarkDetail.swift in Sources */,
				048B8C7E29E9017100B35BB5 /* BadgeBackground.swift in Sources */,
				04D89EC929F2E3C9001ECCA9 /* PageViewController.swift in Sources */,
				04F635A829EE2799002141D2 /* HikeView.swift in Sources */,
				04037F9729EEDE6400D34564 /* HikeBadge.swift in Sources */,
				0488F9B229E4FC9E00A14024 /* CircleImage.swift in Sources */,
				04EF43C529E8DBF000D6974B /* Landmark.swift in Sources */,
				04EF43CD29E8E2F700D6974B /* LandmarkRow.swift in Sources */,
				04EF43C729E8E19100D6974B /* ModelData.swift in Sources */,
			);
			runOnlyForDeploymentPostprocessing = 0;
		};
		0488F99029E4ED1500A14024 /* Sources */ = {
			isa = PBXSourcesBuildPhase;
			buildActionMask = 2147483647;
			files = (
				0488F99929E4ED1500A14024 /* _706012110020_Davina_T_W_AFL3Tests.swift in Sources */,
			);
			runOnlyForDeploymentPostprocessing = 0;
		};
		0488F99A29E4ED1500A14024 /* Sources */ = {
			isa = PBXSourcesBuildPhase;
			buildActionMask = 2147483647;
			files = (
				0488F9A529E4ED1500A14024 /* _706012110020_Davina_T_W_AFL3UITestsLaunchTests.swift in Sources */,
				0488F9A329E4ED1500A14024 /* _706012110020_Davina_T_W_AFL3UITests.swift in Sources */,
			);
			runOnlyForDeploymentPostprocessing = 0;
		};
		04B12E3129F3F4FA00AECB08 /* Sources */ = {
			isa = PBXSourcesBuildPhase;
			buildActionMask = 2147483647;
			files = (
				04B12E7929F4200900AECB08 /* Landmark.swift in Sources */,
				04B12E7829F4200900AECB08 /* Hike.swift in Sources */,
				04B12E3A29F3F4FA00AECB08 /* ContentView.swift in Sources */,
				04B12E7229F4200900AECB08 /* Profile.swift in Sources */,
				04FB429129F4DF770049259E /* LandmarkList.swift in Sources */,
				04B12E7729F4200900AECB08 /* ModelData.swift in Sources */,
				04B12E7B29F4200900AECB08 /* CircleImage.swift in Sources */,
				04B12E7A29F4200900AECB08 /* _706012110020_Davina_T_W_AFL3App.swift in Sources */,
				04B12E7C29F4200900AECB08 /* MapView.swift in Sources */,
				04B12E8129F4220F00AECB08 /* NotificationController.swift in Sources */,
				04B12E7429F4200900AECB08 /* LandmarkRow.swift in Sources */,
				04B12E6E29F40E4500AECB08 /* LandmarkDetail.swift in Sources */,
				04B12E7F29F421B700AECB08 /* NotificationView.swift in Sources */,
			);
			runOnlyForDeploymentPostprocessing = 0;
		};
		04B12E4029F3F4FC00AECB08 /* Sources */ = {
			isa = PBXSourcesBuildPhase;
			buildActionMask = 2147483647;
			files = (
				04B12E4929F3F4FC00AECB08 /* WatchLandmark_Watch_AppTests.swift in Sources */,
			);
			runOnlyForDeploymentPostprocessing = 0;
		};
		04B12E4A29F3F4FC00AECB08 /* Sources */ = {
			isa = PBXSourcesBuildPhase;
			buildActionMask = 2147483647;
			files = (
				04B12E5529F3F4FC00AECB08 /* WatchLandmark_Watch_AppUITestsLaunchTests.swift in Sources */,
				04B12E5329F3F4FC00AECB08 /* WatchLandmark_Watch_AppUITests.swift in Sources */,
			);
			runOnlyForDeploymentPostprocessing = 0;
		};
		04FB426129F4DACF0049259E /* Sources */ = {
			isa = PBXSourcesBuildPhase;
			buildActionMask = 2147483647;
			files = (
				04FB426A29F4DACF0049259E /* ContentView.swift in Sources */,
				04FB428829F4DB870049259E /* Profile.swift in Sources */,
				04FB429729F5236F0049259E /* LandmarkSettings.swift in Sources */,
				04FB428129F4DB870049259E /* MapView.swift in Sources */,
				04FB428629F4DB870049259E /* Hike.swift in Sources */,
				04FB429429F4E5B30049259E /* LandmarkCommands.swift in Sources */,
				04FB428F29F4DC570049259E /* LandmarkDetail.swift in Sources */,
				04FB428B29F4DB870049259E /* _706012110020_Davina_T_W_AFL3App.swift in Sources */,
				04FB428529F4DB870049259E /* Landmark.swift in Sources */,
				04FB428A29F4DB870049259E /* ModelData.swift in Sources */,
				04FB428929F4DB870049259E /* LandmarkRow.swift in Sources */,
				04FB428729F4DB870049259E /* CircleImage.swift in Sources */,
				04FB428D29F4DB870049259E /* FavoriteButton.swift in Sources */,
				04FB428C29F4DB870049259E /* LandmarkList.swift in Sources */,
			);
			runOnlyForDeploymentPostprocessing = 0;
		};
/* End PBXSourcesBuildPhase section */

/* Begin PBXTargetDependency section */
		0488F99629E4ED1500A14024 /* PBXTargetDependency */ = {
			isa = PBXTargetDependency;
			target = 0488F98329E4ED1300A14024 /* 0706012110020-Davina T W-AFL3 */;
			targetProxy = 0488F99529E4ED1500A14024 /* PBXContainerItemProxy */;
		};
		0488F9A029E4ED1500A14024 /* PBXTargetDependency */ = {
			isa = PBXTargetDependency;
			target = 0488F98329E4ED1300A14024 /* 0706012110020-Davina T W-AFL3 */;
			targetProxy = 0488F99F29E4ED1500A14024 /* PBXContainerItemProxy */;
		};
		04B12E4629F3F4FC00AECB08 /* PBXTargetDependency */ = {
			isa = PBXTargetDependency;
			target = 04B12E3429F3F4FA00AECB08 /* WatchLandmark Watch App */;
			targetProxy = 04B12E4529F3F4FC00AECB08 /* PBXContainerItemProxy */;
		};
		04B12E5029F3F4FC00AECB08 /* PBXTargetDependency */ = {
			isa = PBXTargetDependency;
			target = 04B12E3429F3F4FA00AECB08 /* WatchLandmark Watch App */;
			targetProxy = 04B12E4F29F3F4FC00AECB08 /* PBXContainerItemProxy */;
		};
/* End PBXTargetDependency section */

/* Begin XCBuildConfiguration section */
		0488F9A629E4ED1500A14024 /* Debug */ = {
			isa = XCBuildConfiguration;
			buildSettings = {
				ALWAYS_SEARCH_USER_PATHS = NO;
				CLANG_ANALYZER_NONNULL = YES;
				CLANG_ANALYZER_NUMBER_OBJECT_CONVERSION = YES_AGGRESSIVE;
				CLANG_CXX_LANGUAGE_STANDARD = "gnu++20";
				CLANG_ENABLE_MODULES = YES;
				CLANG_ENABLE_OBJC_ARC = YES;
				CLANG_ENABLE_OBJC_WEAK = YES;
				CLANG_WARN_BLOCK_CAPTURE_AUTORELEASING = YES;
				CLANG_WARN_BOOL_CONVERSION = YES;
				CLANG_WARN_COMMA = YES;
				CLANG_WARN_CONSTANT_CONVERSION = YES;
				CLANG_WARN_DEPRECATED_OBJC_IMPLEMENTATIONS = YES;
				CLANG_WARN_DIRECT_OBJC_ISA_USAGE = YES_ERROR;
				CLANG_WARN_DOCUMENTATION_COMMENTS = YES;
				CLANG_WARN_EMPTY_BODY = YES;
				CLANG_WARN_ENUM_CONVERSION = YES;
				CLANG_WARN_INFINITE_RECURSION = YES;
				CLANG_WARN_INT_CONVERSION = YES;
				CLANG_WARN_NON_LITERAL_NULL_CONVERSION = YES;
				CLANG_WARN_OBJC_IMPLICIT_RETAIN_SELF = YES;
				CLANG_WARN_OBJC_LITERAL_CONVERSION = YES;
				CLANG_WARN_OBJC_ROOT_CLASS = YES_ERROR;
				CLANG_WARN_QUOTED_INCLUDE_IN_FRAMEWORK_HEADER = YES;
				CLANG_WARN_RANGE_LOOP_ANALYSIS = YES;
				CLANG_WARN_STRICT_PROTOTYPES = YES;
				CLANG_WARN_SUSPICIOUS_MOVE = YES;
				CLANG_WARN_UNGUARDED_AVAILABILITY = YES_AGGRESSIVE;
				CLANG_WARN_UNREACHABLE_CODE = YES;
				CLANG_WARN__DUPLICATE_METHOD_MATCH = YES;
				COPY_PHASE_STRIP = NO;
				DEBUG_INFORMATION_FORMAT = dwarf;
				ENABLE_STRICT_OBJC_MSGSEND = YES;
				ENABLE_TESTABILITY = YES;
				GCC_C_LANGUAGE_STANDARD = gnu11;
				GCC_DYNAMIC_NO_PIC = NO;
				GCC_NO_COMMON_BLOCKS = YES;
				GCC_OPTIMIZATION_LEVEL = 0;
				GCC_PREPROCESSOR_DEFINITIONS = (
					"DEBUG=1",
					"$(inherited)",
				);
				GCC_WARN_64_TO_32_BIT_CONVERSION = YES;
				GCC_WARN_ABOUT_RETURN_TYPE = YES_ERROR;
				GCC_WARN_UNDECLARED_SELECTOR = YES;
				GCC_WARN_UNINITIALIZED_AUTOS = YES_AGGRESSIVE;
				GCC_WARN_UNUSED_FUNCTION = YES;
				GCC_WARN_UNUSED_VARIABLE = YES;
				IPHONEOS_DEPLOYMENT_TARGET = 16.2;
				MTL_ENABLE_DEBUG_INFO = INCLUDE_SOURCE;
				MTL_FAST_MATH = YES;
				ONLY_ACTIVE_ARCH = YES;
				SDKROOT = iphoneos;
				SWIFT_ACTIVE_COMPILATION_CONDITIONS = DEBUG;
				SWIFT_OPTIMIZATION_LEVEL = "-Onone";
			};
			name = Debug;
		};
		0488F9A729E4ED1500A14024 /* Release */ = {
			isa = XCBuildConfiguration;
			buildSettings = {
				ALWAYS_SEARCH_USER_PATHS = NO;
				CLANG_ANALYZER_NONNULL = YES;
				CLANG_ANALYZER_NUMBER_OBJECT_CONVERSION = YES_AGGRESSIVE;
				CLANG_CXX_LANGUAGE_STANDARD = "gnu++20";
				CLANG_ENABLE_MODULES = YES;
				CLANG_ENABLE_OBJC_ARC = YES;
				CLANG_ENABLE_OBJC_WEAK = YES;
				CLANG_WARN_BLOCK_CAPTURE_AUTORELEASING = YES;
				CLANG_WARN_BOOL_CONVERSION = YES;
				CLANG_WARN_COMMA = YES;
				CLANG_WARN_CONSTANT_CONVERSION = YES;
				CLANG_WARN_DEPRECATED_OBJC_IMPLEMENTATIONS = YES;
				CLANG_WARN_DIRECT_OBJC_ISA_USAGE = YES_ERROR;
				CLANG_WARN_DOCUMENTATION_COMMENTS = YES;
				CLANG_WARN_EMPTY_BODY = YES;
				CLANG_WARN_ENUM_CONVERSION = YES;
				CLANG_WARN_INFINITE_RECURSION = YES;
				CLANG_WARN_INT_CONVERSION = YES;
				CLANG_WARN_NON_LITERAL_NULL_CONVERSION = YES;
				CLANG_WARN_OBJC_IMPLICIT_RETAIN_SELF = YES;
				CLANG_WARN_OBJC_LITERAL_CONVERSION = YES;
				CLANG_WARN_OBJC_ROOT_CLASS = YES_ERROR;
				CLANG_WARN_QUOTED_INCLUDE_IN_FRAMEWORK_HEADER = YES;
				CLANG_WARN_RANGE_LOOP_ANALYSIS = YES;
				CLANG_WARN_STRICT_PROTOTYPES = YES;
				CLANG_WARN_SUSPICIOUS_MOVE = YES;
				CLANG_WARN_UNGUARDED_AVAILABILITY = YES_AGGRESSIVE;
				CLANG_WARN_UNREACHABLE_CODE = YES;
				CLANG_WARN__DUPLICATE_METHOD_MATCH = YES;
				COPY_PHASE_STRIP = NO;
				DEBUG_INFORMATION_FORMAT = "dwarf-with-dsym";
				ENABLE_NS_ASSERTIONS = NO;
				ENABLE_STRICT_OBJC_MSGSEND = YES;
				GCC_C_LANGUAGE_STANDARD = gnu11;
				GCC_NO_COMMON_BLOCKS = YES;
				GCC_WARN_64_TO_32_BIT_CONVERSION = YES;
				GCC_WARN_ABOUT_RETURN_TYPE = YES_ERROR;
				GCC_WARN_UNDECLARED_SELECTOR = YES;
				GCC_WARN_UNINITIALIZED_AUTOS = YES_AGGRESSIVE;
				GCC_WARN_UNUSED_FUNCTION = YES;
				GCC_WARN_UNUSED_VARIABLE = YES;
				IPHONEOS_DEPLOYMENT_TARGET = 16.2;
				MTL_ENABLE_DEBUG_INFO = NO;
				MTL_FAST_MATH = YES;
				SDKROOT = iphoneos;
				SWIFT_COMPILATION_MODE = wholemodule;
				SWIFT_OPTIMIZATION_LEVEL = "-O";
				VALIDATE_PRODUCT = YES;
			};
			name = Release;
		};
		0488F9A929E4ED1500A14024 /* Debug */ = {
			isa = XCBuildConfiguration;
			buildSettings = {
				ASSETCATALOG_COMPILER_APPICON_NAME = AppIcon;
				ASSETCATALOG_COMPILER_GLOBAL_ACCENT_COLOR_NAME = AccentColor;
				CODE_SIGN_STYLE = Automatic;
				CURRENT_PROJECT_VERSION = 1;
				DEVELOPMENT_ASSET_PATHS = "\"0706012110020-Davina T W-AFL3/Preview Content\"";
				DEVELOPMENT_TEAM = 6YXM35L8X4;
				ENABLE_PREVIEWS = YES;
				GENERATE_INFOPLIST_FILE = YES;
				INFOPLIST_KEY_UIApplicationSceneManifest_Generation = YES;
				INFOPLIST_KEY_UIApplicationSupportsIndirectInputEvents = YES;
				INFOPLIST_KEY_UILaunchScreen_Generation = YES;
				INFOPLIST_KEY_UISupportedInterfaceOrientations_iPad = "UIInterfaceOrientationPortrait UIInterfaceOrientationPortraitUpsideDown UIInterfaceOrientationLandscapeLeft UIInterfaceOrientationLandscapeRight";
				INFOPLIST_KEY_UISupportedInterfaceOrientations_iPhone = "UIInterfaceOrientationPortrait UIInterfaceOrientationLandscapeLeft UIInterfaceOrientationLandscapeRight";
				LD_RUNPATH_SEARCH_PATHS = (
					"$(inherited)",
					"@executable_path/Frameworks",
				);
				MARKETING_VERSION = 1.0;
				PRODUCT_BUNDLE_IDENTIFIER = "com.davinatw.-706012110020-Davina-T-W-AFL3";
				PRODUCT_NAME = "$(TARGET_NAME)";
				SWIFT_EMIT_LOC_STRINGS = YES;
				SWIFT_VERSION = 5.0;
				TARGETED_DEVICE_FAMILY = "1,2";
			};
			name = Debug;
		};
		0488F9AA29E4ED1500A14024 /* Release */ = {
			isa = XCBuildConfiguration;
			buildSettings = {
				ASSETCATALOG_COMPILER_APPICON_NAME = AppIcon;
				ASSETCATALOG_COMPILER_GLOBAL_ACCENT_COLOR_NAME = AccentColor;
				CODE_SIGN_STYLE = Automatic;
				CURRENT_PROJECT_VERSION = 1;
				DEVELOPMENT_ASSET_PATHS = "\"0706012110020-Davina T W-AFL3/Preview Content\"";
				DEVELOPMENT_TEAM = 6YXM35L8X4;
				ENABLE_PREVIEWS = YES;
				GENERATE_INFOPLIST_FILE = YES;
				INFOPLIST_KEY_UIApplicationSceneManifest_Generation = YES;
				INFOPLIST_KEY_UIApplicationSupportsIndirectInputEvents = YES;
				INFOPLIST_KEY_UILaunchScreen_Generation = YES;
				INFOPLIST_KEY_UISupportedInterfaceOrientations_iPad = "UIInterfaceOrientationPortrait UIInterfaceOrientationPortraitUpsideDown UIInterfaceOrientationLandscapeLeft UIInterfaceOrientationLandscapeRight";
				INFOPLIST_KEY_UISupportedInterfaceOrientations_iPhone = "UIInterfaceOrientationPortrait UIInterfaceOrientationLandscapeLeft UIInterfaceOrientationLandscapeRight";
				LD_RUNPATH_SEARCH_PATHS = (
					"$(inherited)",
					"@executable_path/Frameworks",
				);
				MARKETING_VERSION = 1.0;
				PRODUCT_BUNDLE_IDENTIFIER = "com.davinatw.-706012110020-Davina-T-W-AFL3";
				PRODUCT_NAME = "$(TARGET_NAME)";
				SWIFT_EMIT_LOC_STRINGS = YES;
				SWIFT_VERSION = 5.0;
				TARGETED_DEVICE_FAMILY = "1,2";
			};
			name = Release;
		};
		0488F9AC29E4ED1500A14024 /* Debug */ = {
			isa = XCBuildConfiguration;
			buildSettings = {
				ALWAYS_EMBED_SWIFT_STANDARD_LIBRARIES = YES;
				BUNDLE_LOADER = "$(TEST_HOST)";
				CODE_SIGN_STYLE = Automatic;
				CURRENT_PROJECT_VERSION = 1;
				DEVELOPMENT_TEAM = 6YXM35L8X4;
				GENERATE_INFOPLIST_FILE = YES;
				IPHONEOS_DEPLOYMENT_TARGET = 16.2;
				MARKETING_VERSION = 1.0;
				PRODUCT_BUNDLE_IDENTIFIER = "com.davinatw.-706012110020-Davina-T-W-AFL3Tests";
				PRODUCT_NAME = "$(TARGET_NAME)";
				SWIFT_EMIT_LOC_STRINGS = NO;
				SWIFT_VERSION = 5.0;
				TARGETED_DEVICE_FAMILY = "1,2";
				TEST_HOST = "$(BUILT_PRODUCTS_DIR)/0706012110020-Davina T W-AFL3.app/$(BUNDLE_EXECUTABLE_FOLDER_PATH)/0706012110020-Davina T W-AFL3";
			};
			name = Debug;
		};
		0488F9AD29E4ED1500A14024 /* Release */ = {
			isa = XCBuildConfiguration;
			buildSettings = {
				ALWAYS_EMBED_SWIFT_STANDARD_LIBRARIES = YES;
				BUNDLE_LOADER = "$(TEST_HOST)";
				CODE_SIGN_STYLE = Automatic;
				CURRENT_PROJECT_VERSION = 1;
				DEVELOPMENT_TEAM = 6YXM35L8X4;
				GENERATE_INFOPLIST_FILE = YES;
				IPHONEOS_DEPLOYMENT_TARGET = 16.2;
				MARKETING_VERSION = 1.0;
				PRODUCT_BUNDLE_IDENTIFIER = "com.davinatw.-706012110020-Davina-T-W-AFL3Tests";
				PRODUCT_NAME = "$(TARGET_NAME)";
				SWIFT_EMIT_LOC_STRINGS = NO;
				SWIFT_VERSION = 5.0;
				TARGETED_DEVICE_FAMILY = "1,2";
				TEST_HOST = "$(BUILT_PRODUCTS_DIR)/0706012110020-Davina T W-AFL3.app/$(BUNDLE_EXECUTABLE_FOLDER_PATH)/0706012110020-Davina T W-AFL3";
			};
			name = Release;
		};
		0488F9AF29E4ED1500A14024 /* Debug */ = {
			isa = XCBuildConfiguration;
			buildSettings = {
				ALWAYS_EMBED_SWIFT_STANDARD_LIBRARIES = YES;
				CODE_SIGN_STYLE = Automatic;
				CURRENT_PROJECT_VERSION = 1;
				DEVELOPMENT_TEAM = 6YXM35L8X4;
				GENERATE_INFOPLIST_FILE = YES;
				MARKETING_VERSION = 1.0;
				PRODUCT_BUNDLE_IDENTIFIER = "com.davinatw.-706012110020-Davina-T-W-AFL3UITests";
				PRODUCT_NAME = "$(TARGET_NAME)";
				SWIFT_EMIT_LOC_STRINGS = NO;
				SWIFT_VERSION = 5.0;
				TARGETED_DEVICE_FAMILY = "1,2";
				TEST_TARGET_NAME = "0706012110020-Davina T W-AFL3";
			};
			name = Debug;
		};
		0488F9B029E4ED1500A14024 /* Release */ = {
			isa = XCBuildConfiguration;
			buildSettings = {
				ALWAYS_EMBED_SWIFT_STANDARD_LIBRARIES = YES;
				CODE_SIGN_STYLE = Automatic;
				CURRENT_PROJECT_VERSION = 1;
				DEVELOPMENT_TEAM = 6YXM35L8X4;
				GENERATE_INFOPLIST_FILE = YES;
				MARKETING_VERSION = 1.0;
				PRODUCT_BUNDLE_IDENTIFIER = "com.davinatw.-706012110020-Davina-T-W-AFL3UITests";
				PRODUCT_NAME = "$(TARGET_NAME)";
				SWIFT_EMIT_LOC_STRINGS = NO;
				SWIFT_VERSION = 5.0;
				TARGETED_DEVICE_FAMILY = "1,2";
				TEST_TARGET_NAME = "0706012110020-Davina T W-AFL3";
			};
			name = Release;
		};
		04B12E5729F3F4FC00AECB08 /* Debug */ = {
			isa = XCBuildConfiguration;
			buildSettings = {
				ASSETCATALOG_COMPILER_APPICON_NAME = AppIcon;
				ASSETCATALOG_COMPILER_GLOBAL_ACCENT_COLOR_NAME = AccentColor;
				CODE_SIGN_STYLE = Automatic;
				CURRENT_PROJECT_VERSION = 1;
				DEVELOPMENT_ASSET_PATHS = "\"WatchLandmark Watch App/Preview Content\"";
				DEVELOPMENT_TEAM = 6YXM35L8X4;
				ENABLE_PREVIEWS = YES;
				GENERATE_INFOPLIST_FILE = YES;
				INFOPLIST_KEY_CFBundleDisplayName = WatchLandmark;
				INFOPLIST_KEY_UISupportedInterfaceOrientations = "UIInterfaceOrientationPortrait UIInterfaceOrientationPortraitUpsideDown";
				INFOPLIST_KEY_WKCompanionAppBundleIdentifier = "";
				INFOPLIST_KEY_WKRunsIndependentlyOfCompanionApp = NO;
				LD_RUNPATH_SEARCH_PATHS = (
					"$(inherited)",
					"@executable_path/Frameworks",
				);
				MARKETING_VERSION = 1.0;
				PRODUCT_BUNDLE_IDENTIFIER = .watchkitapp;
				PRODUCT_NAME = "$(TARGET_NAME)";
				SDKROOT = watchos;
				SKIP_INSTALL = YES;
				SWIFT_EMIT_LOC_STRINGS = YES;
				SWIFT_VERSION = 5.0;
				TARGETED_DEVICE_FAMILY = 4;
				WATCHOS_DEPLOYMENT_TARGET = 9.1;
			};
			name = Debug;
		};
		04B12E5829F3F4FC00AECB08 /* Release */ = {
			isa = XCBuildConfiguration;
			buildSettings = {
				ASSETCATALOG_COMPILER_APPICON_NAME = AppIcon;
				ASSETCATALOG_COMPILER_GLOBAL_ACCENT_COLOR_NAME = AccentColor;
				CODE_SIGN_STYLE = Automatic;
				CURRENT_PROJECT_VERSION = 1;
				DEVELOPMENT_ASSET_PATHS = "\"WatchLandmark Watch App/Preview Content\"";
				DEVELOPMENT_TEAM = 6YXM35L8X4;
				ENABLE_PREVIEWS = YES;
				GENERATE_INFOPLIST_FILE = YES;
				INFOPLIST_KEY_CFBundleDisplayName = WatchLandmark;
				INFOPLIST_KEY_UISupportedInterfaceOrientations = "UIInterfaceOrientationPortrait UIInterfaceOrientationPortraitUpsideDown";
				INFOPLIST_KEY_WKCompanionAppBundleIdentifier = "";
				INFOPLIST_KEY_WKRunsIndependentlyOfCompanionApp = NO;
				LD_RUNPATH_SEARCH_PATHS = (
					"$(inherited)",
					"@executable_path/Frameworks",
				);
				MARKETING_VERSION = 1.0;
				PRODUCT_BUNDLE_IDENTIFIER = .watchkitapp;
				PRODUCT_NAME = "$(TARGET_NAME)";
				SDKROOT = watchos;
				SKIP_INSTALL = YES;
				SWIFT_EMIT_LOC_STRINGS = YES;
				SWIFT_VERSION = 5.0;
				TARGETED_DEVICE_FAMILY = 4;
				WATCHOS_DEPLOYMENT_TARGET = 9.1;
			};
			name = Release;
		};
		04B12E5A29F3F4FC00AECB08 /* Debug */ = {
			isa = XCBuildConfiguration;
			buildSettings = {
				ALWAYS_EMBED_SWIFT_STANDARD_LIBRARIES = YES;
				BUNDLE_LOADER = "$(TEST_HOST)";
				CODE_SIGN_STYLE = Automatic;
				CURRENT_PROJECT_VERSION = 1;
				DEVELOPMENT_TEAM = 6YXM35L8X4;
				GENERATE_INFOPLIST_FILE = YES;
				MARKETING_VERSION = 1.0;
				PRODUCT_BUNDLE_IDENTIFIER = "com.davinatw.WatchLandmark-Watch-AppTests";
				PRODUCT_NAME = "$(TARGET_NAME)";
				SDKROOT = watchos;
				SWIFT_EMIT_LOC_STRINGS = NO;
				SWIFT_VERSION = 5.0;
				TARGETED_DEVICE_FAMILY = 4;
				TEST_HOST = "$(BUILT_PRODUCTS_DIR)/WatchLandmark Watch App.app/$(BUNDLE_EXECUTABLE_FOLDER_PATH)/WatchLandmark Watch App";
				WATCHOS_DEPLOYMENT_TARGET = 9.1;
			};
			name = Debug;
		};
		04B12E5B29F3F4FC00AECB08 /* Release */ = {
			isa = XCBuildConfiguration;
			buildSettings = {
				ALWAYS_EMBED_SWIFT_STANDARD_LIBRARIES = YES;
				BUNDLE_LOADER = "$(TEST_HOST)";
				CODE_SIGN_STYLE = Automatic;
				CURRENT_PROJECT_VERSION = 1;
				DEVELOPMENT_TEAM = 6YXM35L8X4;
				GENERATE_INFOPLIST_FILE = YES;
				MARKETING_VERSION = 1.0;
				PRODUCT_BUNDLE_IDENTIFIER = "com.davinatw.WatchLandmark-Watch-AppTests";
				PRODUCT_NAME = "$(TARGET_NAME)";
				SDKROOT = watchos;
				SWIFT_EMIT_LOC_STRINGS = NO;
				SWIFT_VERSION = 5.0;
				TARGETED_DEVICE_FAMILY = 4;
				TEST_HOST = "$(BUILT_PRODUCTS_DIR)/WatchLandmark Watch App.app/$(BUNDLE_EXECUTABLE_FOLDER_PATH)/WatchLandmark Watch App";
				WATCHOS_DEPLOYMENT_TARGET = 9.1;
			};
			name = Release;
		};
		04B12E5D29F3F4FC00AECB08 /* Debug */ = {
			isa = XCBuildConfiguration;
			buildSettings = {
				ALWAYS_EMBED_SWIFT_STANDARD_LIBRARIES = YES;
				CODE_SIGN_STYLE = Automatic;
				CURRENT_PROJECT_VERSION = 1;
				DEVELOPMENT_TEAM = 6YXM35L8X4;
				GENERATE_INFOPLIST_FILE = YES;
				MARKETING_VERSION = 1.0;
				PRODUCT_BUNDLE_IDENTIFIER = "com.davinatw.WatchLandmark-Watch-AppUITests";
				PRODUCT_NAME = "$(TARGET_NAME)";
				SDKROOT = watchos;
				SWIFT_EMIT_LOC_STRINGS = NO;
				SWIFT_VERSION = 5.0;
				TARGETED_DEVICE_FAMILY = 4;
				TEST_TARGET_NAME = "WatchLandmark Watch App";
				WATCHOS_DEPLOYMENT_TARGET = 9.1;
			};
			name = Debug;
		};
		04B12E5E29F3F4FC00AECB08 /* Release */ = {
			isa = XCBuildConfiguration;
			buildSettings = {
				ALWAYS_EMBED_SWIFT_STANDARD_LIBRARIES = YES;
				CODE_SIGN_STYLE = Automatic;
				CURRENT_PROJECT_VERSION = 1;
				DEVELOPMENT_TEAM = 6YXM35L8X4;
				GENERATE_INFOPLIST_FILE = YES;
				MARKETING_VERSION = 1.0;
				PRODUCT_BUNDLE_IDENTIFIER = "com.davinatw.WatchLandmark-Watch-AppUITests";
				PRODUCT_NAME = "$(TARGET_NAME)";
				SDKROOT = watchos;
				SWIFT_EMIT_LOC_STRINGS = NO;
				SWIFT_VERSION = 5.0;
				TARGETED_DEVICE_FAMILY = 4;
				TEST_TARGET_NAME = "WatchLandmark Watch App";
				WATCHOS_DEPLOYMENT_TARGET = 9.1;
			};
			name = Release;
		};
		04FB427229F4DAD10049259E /* Debug */ = {
			isa = XCBuildConfiguration;
			buildSettings = {
				ASSETCATALOG_COMPILER_APPICON_NAME = AppIcon;
				ASSETCATALOG_COMPILER_GLOBAL_ACCENT_COLOR_NAME = AccentColor;
				CODE_SIGN_ENTITLEMENTS = MacLandmarks/MacLandmarks.entitlements;
				CODE_SIGN_STYLE = Automatic;
				COMBINE_HIDPI_IMAGES = YES;
				CURRENT_PROJECT_VERSION = 1;
				DEVELOPMENT_ASSET_PATHS = "\"MacLandmarks/Preview Content\"";
				DEVELOPMENT_TEAM = 6YXM35L8X4;
				ENABLE_HARDENED_RUNTIME = YES;
				ENABLE_PREVIEWS = YES;
				GENERATE_INFOPLIST_FILE = YES;
				INFOPLIST_KEY_NSHumanReadableCopyright = "";
				LD_RUNPATH_SEARCH_PATHS = (
					"$(inherited)",
					"@executable_path/../Frameworks",
				);
				MACOSX_DEPLOYMENT_TARGET = 13.1;
				MARKETING_VERSION = 1.0;
				PRODUCT_BUNDLE_IDENTIFIER = com.davinatw.MacLandmarks;
				PRODUCT_NAME = "$(TARGET_NAME)";
				SDKROOT = macosx;
				SWIFT_EMIT_LOC_STRINGS = YES;
				SWIFT_VERSION = 5.0;
			};
			name = Debug;
		};
		04FB427329F4DAD10049259E /* Release */ = {
			isa = XCBuildConfiguration;
			buildSettings = {
				ASSETCATALOG_COMPILER_APPICON_NAME = AppIcon;
				ASSETCATALOG_COMPILER_GLOBAL_ACCENT_COLOR_NAME = AccentColor;
				CODE_SIGN_ENTITLEMENTS = MacLandmarks/MacLandmarks.entitlements;
				CODE_SIGN_STYLE = Automatic;
				COMBINE_HIDPI_IMAGES = YES;
				CURRENT_PROJECT_VERSION = 1;
				DEVELOPMENT_ASSET_PATHS = "\"MacLandmarks/Preview Content\"";
				DEVELOPMENT_TEAM = 6YXM35L8X4;
				ENABLE_HARDENED_RUNTIME = YES;
				ENABLE_PREVIEWS = YES;
				GENERATE_INFOPLIST_FILE = YES;
				INFOPLIST_KEY_NSHumanReadableCopyright = "";
				LD_RUNPATH_SEARCH_PATHS = (
					"$(inherited)",
					"@executable_path/../Frameworks",
				);
				MACOSX_DEPLOYMENT_TARGET = 13.1;
				MARKETING_VERSION = 1.0;
				PRODUCT_BUNDLE_IDENTIFIER = com.davinatw.MacLandmarks;
				PRODUCT_NAME = "$(TARGET_NAME)";
				SDKROOT = macosx;
				SWIFT_EMIT_LOC_STRINGS = YES;
				SWIFT_VERSION = 5.0;
			};
			name = Release;
		};
/* End XCBuildConfiguration section */

/* Begin XCConfigurationList section */
		0488F97F29E4ED1300A14024 /* Build configuration list for PBXProject "0706012110020-Davina T W-AFL3" */ = {
			isa = XCConfigurationList;
			buildConfigurations = (
				0488F9A629E4ED1500A14024 /* Debug */,
				0488F9A729E4ED1500A14024 /* Release */,
			);
			defaultConfigurationIsVisible = 0;
			defaultConfigurationName = Release;
		};
		0488F9A829E4ED1500A14024 /* Build configuration list for PBXNativeTarget "0706012110020-Davina T W-AFL3" */ = {
			isa = XCConfigurationList;
			buildConfigurations = (
				0488F9A929E4ED1500A14024 /* Debug */,
				0488F9AA29E4ED1500A14024 /* Release */,
			);
			defaultConfigurationIsVisible = 0;
			defaultConfigurationName = Release;
		};
		0488F9AB29E4ED1500A14024 /* Build configuration list for PBXNativeTarget "0706012110020-Davina T W-AFL3Tests" */ = {
			isa = XCConfigurationList;
			buildConfigurations = (
				0488F9AC29E4ED1500A14024 /* Debug */,
				0488F9AD29E4ED1500A14024 /* Release */,
			);
			defaultConfigurationIsVisible = 0;
			defaultConfigurationName = Release;
		};
		0488F9AE29E4ED1500A14024 /* Build configuration list for PBXNativeTarget "0706012110020-Davina T W-AFL3UITests" */ = {
			isa = XCConfigurationList;
			buildConfigurations = (
				0488F9AF29E4ED1500A14024 /* Debug */,
				0488F9B029E4ED1500A14024 /* Release */,
			);
			defaultConfigurationIsVisible = 0;
			defaultConfigurationName = Release;
		};
		04B12E5629F3F4FC00AECB08 /* Build configuration list for PBXNativeTarget "WatchLandmark Watch App" */ = {
			isa = XCConfigurationList;
			buildConfigurations = (
				04B12E5729F3F4FC00AECB08 /* Debug */,
				04B12E5829F3F4FC00AECB08 /* Release */,
			);
			defaultConfigurationIsVisible = 0;
			defaultConfigurationName = Release;
		};
		04B12E5929F3F4FC00AECB08 /* Build configuration list for PBXNativeTarget "WatchLandmark Watch AppTests" */ = {
			isa = XCConfigurationList;
			buildConfigurations = (
				04B12E5A29F3F4FC00AECB08 /* Debug */,
				04B12E5B29F3F4FC00AECB08 /* Release */,
			);
			defaultConfigurationIsVisible = 0;
			defaultConfigurationName = Release;
		};
		04B12E5C29F3F4FC00AECB08 /* Build configuration list for PBXNativeTarget "WatchLandmark Watch AppUITests" */ = {
			isa = XCConfigurationList;
			buildConfigurations = (
				04B12E5D29F3F4FC00AECB08 /* Debug */,
				04B12E5E29F3F4FC00AECB08 /* Release */,
			);
			defaultConfigurationIsVisible = 0;
			defaultConfigurationName = Release;
		};
		04FB427129F4DAD10049259E /* Build configuration list for PBXNativeTarget "MacLandmarks" */ = {
			isa = XCConfigurationList;
			buildConfigurations = (
				04FB427229F4DAD10049259E /* Debug */,
				04FB427329F4DAD10049259E /* Release */,
			);
			defaultConfigurationIsVisible = 0;
			defaultConfigurationName = Release;
		};
/* End XCConfigurationList section */
	};
	rootObject = 0488F97C29E4ED1300A14024 /* Project object */;
}
